# Image pins shipped with this package. One KEY=repository:tag@sha256:digest
# per line. The tag is for humans, the digest is what actually runs.
#
# Update with:  scripts/pin-images.sh              (re-resolve every tag)
#               scripts/pin-images.sh OLLAMA_IMAGE=ollama/ollama:0.34.3
# A value set in the .conf file on the NAS overrides the line here.

OLLAMA_IMAGE=ollama/ollama:0.35.1@sha256:292ee7945dfc3d5840a181f3ab86fedb1e66703e02c8af98b50f4da56b7e278c
WEBUI_IMAGE=ghcr.io/open-webui/open-webui:v0.11.4@sha256:9591b13f13843c7721c2b8eaf7382846c81b3ffe126526d1888d1fed50c6a33f
LANDING_IMAGE=busybox:1.36.1@sha256:73aaf090f3d85aa34ee199857f03fa3a95c8ede2ffd4cc2cdb5b94e566b11662
