# Image pins shipped with this package. One KEY=repository:tag@sha256:digest
# per line. The tag is for humans, the digest is what actually runs.
#
# Update with:  scripts/pin-images.sh              (re-resolve every tag)
#               scripts/pin-images.sh OLLAMA_IMAGE=ollama/ollama:0.34.3
# A value set in the .conf file on the NAS overrides the line here.

OLLAMA_IMAGE=ollama/ollama:0.34.2@sha256:da6e0dc5651df159e45686fd663c4dbe1624a52c44d7280eeac1551d8f865532
WEBUI_IMAGE=ghcr.io/open-webui/open-webui:v0.11.3@sha256:41daa0cf2561a5d4c8d1ff31ee2a98d93ab4d3ac2605cac69366ff6a3374a933
LANDING_IMAGE=busybox:1.36.1@sha256:73aaf090f3d85aa34ee199857f03fa3a95c8ede2ffd4cc2cdb5b94e566b11662
